
Microsoft Visual Studio Solution File, Format Version 12.00
# Visual Studio Version 17
VisualStudioVersion = 17.6.33815.320
MinimumVisualStudioVersion = 10.0.40219.1
Project("{FAE04EC0-301F-11D3-BF4B-00C04F79EFBC}") = "Oop", "Oop\Oop.csproj", "{EE751B23-79B9-45D4-BAE6-E34A24CC533A}"
EndProject
Global
	GlobalSection(SolutionConfigurationPlatforms) = preSolution
		Debug|Any CPU = Debug|Any CPU
		Release|Any CPU = Release|Any CPU
	EndGlobalSection
	GlobalSection(ProjectConfigurationPlatforms) = postSolution
		{EE751B23-79B9-45D4-BAE6-E34A24CC533A}.Debug|Any CPU.ActiveCfg = Debug|Any CPU
		{EE751B23-79B9-45D4-BAE6-E34A24CC533A}.Debug|Any CPU.Build.0 = Debug|Any CPU
		{EE751B23-79B9-45D4-BAE6-E34A24CC533A}.Release|Any CPU.ActiveCfg = Release|Any CPU
		{EE751B23-79B9-45D4-BAE6-E34A24CC533A}.Release|Any CPU.Build.0 = Release|Any CPU
	EndGlobalSection
	GlobalSection(SolutionProperties) = preSolution
		HideSolutionNode = FALSE
	EndGlobalSection
	GlobalSection(ExtensibilityGlobals) = postSolution
		SolutionGuid = {AB52FE12-8385-4C9D-9F8F-1FFC6A758ED0}
	EndGlobalSection
EndGlobal
